
Microsoft Visual Studio Solution File, Format Version 12.00
# Visual Studio Version 16
VisualStudioVersion = 16.0.30804.86
MinimumVisualStudioVersion = 10.0.40219.1
Project("{2150E333-8FDC-42A3-9474-1A3956D46DE8}") = "Solution Items", "Solution Items", "{3476A6AF-45DD-4FBA-B835-F9CA3396A7DE}"
	ProjectSection(SolutionItems) = preProject
		.editorconfig = .editorconfig
	EndProjectSection
EndProject
Project("{FAE04EC0-301F-11D3-BF4B-00C04F79EFBC}") = "DistribuisciEsamiGUI", "DistribuisciEsamiGUI\DistribuisciEsamiGUI.csproj", "{D0E66661-403C-49CE-B9CC-A4881572DF9D}"
EndProject
Project("{FAE04EC0-301F-11D3-BF4B-00C04F79EFBC}") = "DistribuisciEsamiCLINetFramework", "DistribuisciEsamiCLINetFramework\DistribuisciEsamiCLINetFramework.csproj", "{B939A8CC-182D-428E-B897-DFE23FDB969E}"
EndProject
Project("{FAE04EC0-301F-11D3-BF4B-00C04F79EFBC}") = "DistribuisciEsamiCommonNetFramework", "DistribuisciEsamiCommonNetFramework\DistribuisciEsamiCommonNetFramework.csproj", "{E9DE4A42-F957-4A69-AE52-240F1684E2CA}"
EndProject
Global
	GlobalSection(SolutionConfigurationPlatforms) = preSolution
		Debug|Any CPU = Debug|Any CPU
		Release|Any CPU = Release|Any CPU
	EndGlobalSection
	GlobalSection(ProjectConfigurationPlatforms) = postSolution
		{D0E66661-403C-49CE-B9CC-A4881572DF9D}.Debug|Any CPU.ActiveCfg = Debug|Any CPU
		{D0E66661-403C-49CE-B9CC-A4881572DF9D}.Debug|Any CPU.Build.0 = Debug|Any CPU
		{D0E66661-403C-49CE-B9CC-A4881572DF9D}.Release|Any CPU.ActiveCfg = Release|Any CPU
		{D0E66661-403C-49CE-B9CC-A4881572DF9D}.Release|Any CPU.Build.0 = Release|Any CPU
		{B939A8CC-182D-428E-B897-DFE23FDB969E}.Debug|Any CPU.ActiveCfg = Debug|Any CPU
		{B939A8CC-182D-428E-B897-DFE23FDB969E}.Debug|Any CPU.Build.0 = Debug|Any CPU
		{B939A8CC-182D-428E-B897-DFE23FDB969E}.Release|Any CPU.ActiveCfg = Release|Any CPU
		{B939A8CC-182D-428E-B897-DFE23FDB969E}.Release|Any CPU.Build.0 = Release|Any CPU
		{E9DE4A42-F957-4A69-AE52-240F1684E2CA}.Debug|Any CPU.ActiveCfg = Debug|Any CPU
		{E9DE4A42-F957-4A69-AE52-240F1684E2CA}.Debug|Any CPU.Build.0 = Debug|Any CPU
		{E9DE4A42-F957-4A69-AE52-240F1684E2CA}.Release|Any CPU.ActiveCfg = Release|Any CPU
		{E9DE4A42-F957-4A69-AE52-240F1684E2CA}.Release|Any CPU.Build.0 = Release|Any CPU
	EndGlobalSection
	GlobalSection(SolutionProperties) = preSolution
		HideSolutionNode = FALSE
	EndGlobalSection
	GlobalSection(ExtensibilityGlobals) = postSolution
		SolutionGuid = {BCB07E44-9831-498B-83E1-F76AA59A4C79}
	EndGlobalSection
EndGlobal
